
Microsoft Visual Studio Solution File, Format Version 12.00
# Visual Studio 14
VisualStudioVersion = 14.0.25420.1
MinimumVisualStudioVersion = 10.0.40219.1
Project("{8BC9CEB8-8B4A-11D0-8D11-00A0C91BC942}") = "1_table", "C_assignment4\C_assignment4.vcxproj", "{4119A55E-A22D-4C4C-A235-570834319692}"
EndProject
Project("{8BC9CEB8-8B4A-11D0-8D11-00A0C91BC942}") = "5_lowerupper", "5_lower2upper\5_lower2upper.vcxproj", "{C9792E99-323D-4A57-9AD7-2E664A42481D}"
EndProject
Project("{8BC9CEB8-8B4A-11D0-8D11-00A0C91BC942}") = "7_2d_sortedarray", "7_2d_sortedarray\7_2d_sortedarray.vcxproj", "{FAC5D84C-0367-4B78-B59E-ECD66FE540A2}"
EndProject
Project("{8BC9CEB8-8B4A-11D0-8D11-00A0C91BC942}") = "9_location", "9_location\9_location.vcxproj", "{DC1357B9-A917-4608-981A-4948026E1A4F}"
EndProject
Project("{8BC9CEB8-8B4A-11D0-8D11-00A0C91BC942}") = "12_deletes", "12_deletes\12_deletes.vcxproj", "{93BD0C40-332E-4728-80CE-27D344311B0E}"
EndProject
Project("{8BC9CEB8-8B4A-11D0-8D11-00A0C91BC942}") = "15_libraryfunc", "15_libraryfunc\15_libraryfunc.vcxproj", "{45C690C7-55D5-4329-84F4-3210BA0FA82D}"
EndProject
Project("{8BC9CEB8-8B4A-11D0-8D11-00A0C91BC942}") = "3_strings", "3_strings\3_strings.vcxproj", "{E2F088FE-7693-43E3-8CD0-194A3CC95B59}"
EndProject
Project("{8BC9CEB8-8B4A-11D0-8D11-00A0C91BC942}") = "4_strings", "2_strings\2_strings.vcxproj", "{39F52576-BFE8-4A1D-95DC-91E800D7B66C}"
EndProject
Project("{8BC9CEB8-8B4A-11D0-8D11-00A0C91BC942}") = "6_reverse", "7_reverse\7_reverse.vcxproj", "{3C9381D1-9A67-40EB-B4F5-DEBE601A92E5}"
EndProject
Project("{8BC9CEB8-8B4A-11D0-8D11-00A0C91BC942}") = "8_display", "9_display\9_display.vcxproj", "{E0C3C4AC-A7A8-4012-B415-82B1CE9E3E41}"
EndProject
Project("{8BC9CEB8-8B4A-11D0-8D11-00A0C91BC942}") = "14_rotations", "14_rotations\14_rotations.vcxproj", "{950EEB59-8612-40A1-8045-C7F9CF1EDC81}"
EndProject
Global
	GlobalSection(SolutionConfigurationPlatforms) = preSolution
		Debug|x64 = Debug|x64
		Debug|x86 = Debug|x86
		Release|x64 = Release|x64
		Release|x86 = Release|x86
	EndGlobalSection
	GlobalSection(ProjectConfigurationPlatforms) = postSolution
		{4119A55E-A22D-4C4C-A235-570834319692}.Debug|x64.ActiveCfg = Debug|x64
		{4119A55E-A22D-4C4C-A235-570834319692}.Debug|x64.Build.0 = Debug|x64
		{4119A55E-A22D-4C4C-A235-570834319692}.Debug|x86.ActiveCfg = Debug|Win32
		{4119A55E-A22D-4C4C-A235-570834319692}.Debug|x86.Build.0 = Debug|Win32
		{4119A55E-A22D-4C4C-A235-570834319692}.Release|x64.ActiveCfg = Release|x64
		{4119A55E-A22D-4C4C-A235-570834319692}.Release|x64.Build.0 = Release|x64
		{4119A55E-A22D-4C4C-A235-570834319692}.Release|x86.ActiveCfg = Release|Win32
		{4119A55E-A22D-4C4C-A235-570834319692}.Release|x86.Build.0 = Release|Win32
		{C9792E99-323D-4A57-9AD7-2E664A42481D}.Debug|x64.ActiveCfg = Debug|x64
		{C9792E99-323D-4A57-9AD7-2E664A42481D}.Debug|x64.Build.0 = Debug|x64
		{C9792E99-323D-4A57-9AD7-2E664A42481D}.Debug|x86.ActiveCfg = Debug|Win32
		{C9792E99-323D-4A57-9AD7-2E664A42481D}.Debug|x86.Build.0 = Debug|Win32
		{C9792E99-323D-4A57-9AD7-2E664A42481D}.Release|x64.ActiveCfg = Release|x64
		{C9792E99-323D-4A57-9AD7-2E664A42481D}.Release|x64.Build.0 = Release|x64
		{C9792E99-323D-4A57-9AD7-2E664A42481D}.Release|x86.ActiveCfg = Release|Win32
		{C9792E99-323D-4A57-9AD7-2E664A42481D}.Release|x86.Build.0 = Release|Win32
		{FAC5D84C-0367-4B78-B59E-ECD66FE540A2}.Debug|x64.ActiveCfg = Debug|x64
		{FAC5D84C-0367-4B78-B59E-ECD66FE540A2}.Debug|x64.Build.0 = Debug|x64
		{FAC5D84C-0367-4B78-B59E-ECD66FE540A2}.Debug|x86.ActiveCfg = Debug|Win32
		{FAC5D84C-0367-4B78-B59E-ECD66FE540A2}.Debug|x86.Build.0 = Debug|Win32
		{FAC5D84C-0367-4B78-B59E-ECD66FE540A2}.Release|x64.ActiveCfg = Release|x64
		{FAC5D84C-0367-4B78-B59E-ECD66FE540A2}.Release|x64.Build.0 = Release|x64
		{FAC5D84C-0367-4B78-B59E-ECD66FE540A2}.Release|x86.ActiveCfg = Release|Win32
		{FAC5D84C-0367-4B78-B59E-ECD66FE540A2}.Release|x86.Build.0 = Release|Win32
		{DC1357B9-A917-4608-981A-4948026E1A4F}.Debug|x64.ActiveCfg = Debug|x64
		{DC1357B9-A917-4608-981A-4948026E1A4F}.Debug|x64.Build.0 = Debug|x64
		{DC1357B9-A917-4608-981A-4948026E1A4F}.Debug|x86.ActiveCfg = Debug|Win32
		{DC1357B9-A917-4608-981A-4948026E1A4F}.Debug|x86.Build.0 = Debug|Win32
		{DC1357B9-A917-4608-981A-4948026E1A4F}.Release|x64.ActiveCfg = Release|x64
		{DC1357B9-A917-4608-981A-4948026E1A4F}.Release|x64.Build.0 = Release|x64
		{DC1357B9-A917-4608-981A-4948026E1A4F}.Release|x86.ActiveCfg = Release|Win32
		{DC1357B9-A917-4608-981A-4948026E1A4F}.Release|x86.Build.0 = Release|Win32
		{93BD0C40-332E-4728-80CE-27D344311B0E}.Debug|x64.ActiveCfg = Debug|x64
		{93BD0C40-332E-4728-80CE-27D344311B0E}.Debug|x64.Build.0 = Debug|x64
		{93BD0C40-332E-4728-80CE-27D344311B0E}.Debug|x86.ActiveCfg = Debug|Win32
		{93BD0C40-332E-4728-80CE-27D344311B0E}.Debug|x86.Build.0 = Debug|Win32
		{93BD0C40-332E-4728-80CE-27D344311B0E}.Release|x64.ActiveCfg = Release|x64
		{93BD0C40-332E-4728-80CE-27D344311B0E}.Release|x64.Build.0 = Release|x64
		{93BD0C40-332E-4728-80CE-27D344311B0E}.Release|x86.ActiveCfg = Release|Win32
		{93BD0C40-332E-4728-80CE-27D344311B0E}.Release|x86.Build.0 = Release|Win32
		{45C690C7-55D5-4329-84F4-3210BA0FA82D}.Debug|x64.ActiveCfg = Debug|x64
		{45C690C7-55D5-4329-84F4-3210BA0FA82D}.Debug|x64.Build.0 = Debug|x64
		{45C690C7-55D5-4329-84F4-3210BA0FA82D}.Debug|x86.ActiveCfg = Debug|Win32
		{45C690C7-55D5-4329-84F4-3210BA0FA82D}.Debug|x86.Build.0 = Debug|Win32
		{45C690C7-55D5-4329-84F4-3210BA0FA82D}.Release|x64.ActiveCfg = Release|x64
		{45C690C7-55D5-4329-84F4-3210BA0FA82D}.Release|x64.Build.0 = Release|x64
		{45C690C7-55D5-4329-84F4-3210BA0FA82D}.Release|x86.ActiveCfg = Release|Win32
		{45C690C7-55D5-4329-84F4-3210BA0FA82D}.Release|x86.Build.0 = Release|Win32
		{E2F088FE-7693-43E3-8CD0-194A3CC95B59}.Debug|x64.ActiveCfg = Debug|x64
		{E2F088FE-7693-43E3-8CD0-194A3CC95B59}.Debug|x64.Build.0 = Debug|x64
		{E2F088FE-7693-43E3-8CD0-194A3CC95B59}.Debug|x86.ActiveCfg = Debug|Win32
		{E2F088FE-7693-43E3-8CD0-194A3CC95B59}.Debug|x86.Build.0 = Debug|Win32
		{E2F088FE-7693-43E3-8CD0-194A3CC95B59}.Release|x64.ActiveCfg = Release|x64
		{E2F088FE-7693-43E3-8CD0-194A3CC95B59}.Release|x64.Build.0 = Release|x64
		{E2F088FE-7693-43E3-8CD0-194A3CC95B59}.Release|x86.ActiveCfg = Release|Win32
		{E2F088FE-7693-43E3-8CD0-194A3CC95B59}.Release|x86.Build.0 = Release|Win32
		{39F52576-BFE8-4A1D-95DC-91E800D7B66C}.Debug|x64.ActiveCfg = Debug|x64
		{39F52576-BFE8-4A1D-95DC-91E800D7B66C}.Debug|x64.Build.0 = Debug|x64
		{39F52576-BFE8-4A1D-95DC-91E800D7B66C}.Debug|x86.ActiveCfg = Debug|Win32
		{39F52576-BFE8-4A1D-95DC-91E800D7B66C}.Debug|x86.Build.0 = Debug|Win32
		{39F52576-BFE8-4A1D-95DC-91E800D7B66C}.Release|x64.ActiveCfg = Release|x64
		{39F52576-BFE8-4A1D-95DC-91E800D7B66C}.Release|x64.Build.0 = Release|x64
		{39F52576-BFE8-4A1D-95DC-91E800D7B66C}.Release|x86.ActiveCfg = Release|Win32
		{39F52576-BFE8-4A1D-95DC-91E800D7B66C}.Release|x86.Build.0 = Release|Win32
		{3C9381D1-9A67-40EB-B4F5-DEBE601A92E5}.Debug|x64.ActiveCfg = Debug|x64
		{3C9381D1-9A67-40EB-B4F5-DEBE601A92E5}.Debug|x64.Build.0 = Debug|x64
		{3C9381D1-9A67-40EB-B4F5-DEBE601A92E5}.Debug|x86.ActiveCfg = Debug|Win32
		{3C9381D1-9A67-40EB-B4F5-DEBE601A92E5}.Debug|x86.Build.0 = Debug|Win32
		{3C9381D1-9A67-40EB-B4F5-DEBE601A92E5}.Release|x64.ActiveCfg = Release|x64
		{3C9381D1-9A67-40EB-B4F5-DEBE601A92E5}.Release|x64.Build.0 = Release|x64
		{3C9381D1-9A67-40EB-B4F5-DEBE601A92E5}.Release|x86.ActiveCfg = Release|Win32
		{3C9381D1-9A67-40EB-B4F5-DEBE601A92E5}.Release|x86.Build.0 = Release|Win32
		{E0C3C4AC-A7A8-4012-B415-82B1CE9E3E41}.Debug|x64.ActiveCfg = Debug|x64
		{E0C3C4AC-A7A8-4012-B415-82B1CE9E3E41}.Debug|x64.Build.0 = Debug|x64
		{E0C3C4AC-A7A8-4012-B415-82B1CE9E3E41}.Debug|x86.ActiveCfg = Debug|Win32
		{E0C3C4AC-A7A8-4012-B415-82B1CE9E3E41}.Debug|x86.Build.0 = Debug|Win32
		{E0C3C4AC-A7A8-4012-B415-82B1CE9E3E41}.Release|x64.ActiveCfg = Release|x64
		{E0C3C4AC-A7A8-4012-B415-82B1CE9E3E41}.Release|x64.Build.0 = Release|x64
		{E0C3C4AC-A7A8-4012-B415-82B1CE9E3E41}.Release|x86.ActiveCfg = Release|Win32
		{E0C3C4AC-A7A8-4012-B415-82B1CE9E3E41}.Release|x86.Build.0 = Release|Win32
		{950EEB59-8612-40A1-8045-C7F9CF1EDC81}.Debug|x64.ActiveCfg = Debug|x64
		{950EEB59-8612-40A1-8045-C7F9CF1EDC81}.Debug|x64.Build.0 = Debug|x64
		{950EEB59-8612-40A1-8045-C7F9CF1EDC81}.Debug|x86.ActiveCfg = Debug|Win32
		{950EEB59-8612-40A1-8045-C7F9CF1EDC81}.Debug|x86.Build.0 = Debug|Win32
		{950EEB59-8612-40A1-8045-C7F9CF1EDC81}.Release|x64.ActiveCfg = Release|x64
		{950EEB59-8612-40A1-8045-C7F9CF1EDC81}.Release|x64.Build.0 = Release|x64
		{950EEB59-8612-40A1-8045-C7F9CF1EDC81}.Release|x86.ActiveCfg = Release|Win32
		{950EEB59-8612-40A1-8045-C7F9CF1EDC81}.Release|x86.Build.0 = Release|Win32
	EndGlobalSection
	GlobalSection(SolutionProperties) = preSolution
		HideSolutionNode = FALSE
	EndGlobalSection
EndGlobal
