
Microsoft Visual Studio Solution File, Format Version 12.00
# Visual Studio 14
VisualStudioVersion = 14.0.25420.1
MinimumVisualStudioVersion = 10.0.40219.1
Project("{8BC9CEB8-8B4A-11D0-8D11-00A0C91BC942}") = "calculator", "modified programs\modified programs.vcxproj", "{70B2BE04-7021-43D9-BB61-E2558369FF86}"
EndProject
Project("{8BC9CEB8-8B4A-11D0-8D11-00A0C91BC942}") = "expansion of string", "expansion of string\expansion of string.vcxproj", "{B123530C-36B3-4D91-AE43-468868371399}"
EndProject
Global
	GlobalSection(SolutionConfigurationPlatforms) = preSolution
		Debug|x64 = Debug|x64
		Debug|x86 = Debug|x86
		Release|x64 = Release|x64
		Release|x86 = Release|x86
	EndGlobalSection
	GlobalSection(ProjectConfigurationPlatforms) = postSolution
		{70B2BE04-7021-43D9-BB61-E2558369FF86}.Debug|x64.ActiveCfg = Debug|x64
		{70B2BE04-7021-43D9-BB61-E2558369FF86}.Debug|x64.Build.0 = Debug|x64
		{70B2BE04-7021-43D9-BB61-E2558369FF86}.Debug|x86.ActiveCfg = Debug|Win32
		{70B2BE04-7021-43D9-BB61-E2558369FF86}.Debug|x86.Build.0 = Debug|Win32
		{70B2BE04-7021-43D9-BB61-E2558369FF86}.Release|x64.ActiveCfg = Release|x64
		{70B2BE04-7021-43D9-BB61-E2558369FF86}.Release|x64.Build.0 = Release|x64
		{70B2BE04-7021-43D9-BB61-E2558369FF86}.Release|x86.ActiveCfg = Release|Win32
		{70B2BE04-7021-43D9-BB61-E2558369FF86}.Release|x86.Build.0 = Release|Win32
		{B123530C-36B3-4D91-AE43-468868371399}.Debug|x64.ActiveCfg = Debug|x64
		{B123530C-36B3-4D91-AE43-468868371399}.Debug|x64.Build.0 = Debug|x64
		{B123530C-36B3-4D91-AE43-468868371399}.Debug|x86.ActiveCfg = Debug|Win32
		{B123530C-36B3-4D91-AE43-468868371399}.Debug|x86.Build.0 = Debug|Win32
		{B123530C-36B3-4D91-AE43-468868371399}.Release|x64.ActiveCfg = Release|x64
		{B123530C-36B3-4D91-AE43-468868371399}.Release|x64.Build.0 = Release|x64
		{B123530C-36B3-4D91-AE43-468868371399}.Release|x86.ActiveCfg = Release|Win32
		{B123530C-36B3-4D91-AE43-468868371399}.Release|x86.Build.0 = Release|Win32
	EndGlobalSection
	GlobalSection(SolutionProperties) = preSolution
		HideSolutionNode = FALSE
	EndGlobalSection
EndGlobal
