
Microsoft Visual Studio Solution File, Format Version 12.00
# Visual Studio 14
VisualStudioVersion = 14.0.25420.1
MinimumVisualStudioVersion = 10.0.40219.1
Project("{8BC9CEB8-8B4A-11D0-8D11-00A0C91BC942}") = "1_subarray", "c_assignment3\c_assignment3.vcxproj", "{D9C3CD20-F712-4D89-80B7-5F15D028F06F}"
EndProject
Project("{8BC9CEB8-8B4A-11D0-8D11-00A0C91BC942}") = "2_negnumbers", "2_\2_.vcxproj", "{364E7554-63CF-4B64-9EA7-35A9DA7F286D}"
EndProject
Project("{8BC9CEB8-8B4A-11D0-8D11-00A0C91BC942}") = "3_countbits", "3_countbits\3_countbits.vcxproj", "{AEB3F571-54E1-4A2A-90A6-D837C4746D75}"
EndProject
Global
	GlobalSection(SolutionConfigurationPlatforms) = preSolution
		Debug|x64 = Debug|x64
		Debug|x86 = Debug|x86
		Release|x64 = Release|x64
		Release|x86 = Release|x86
	EndGlobalSection
	GlobalSection(ProjectConfigurationPlatforms) = postSolution
		{D9C3CD20-F712-4D89-80B7-5F15D028F06F}.Debug|x64.ActiveCfg = Debug|x64
		{D9C3CD20-F712-4D89-80B7-5F15D028F06F}.Debug|x64.Build.0 = Debug|x64
		{D9C3CD20-F712-4D89-80B7-5F15D028F06F}.Debug|x86.ActiveCfg = Debug|Win32
		{D9C3CD20-F712-4D89-80B7-5F15D028F06F}.Debug|x86.Build.0 = Debug|Win32
		{D9C3CD20-F712-4D89-80B7-5F15D028F06F}.Release|x64.ActiveCfg = Release|x64
		{D9C3CD20-F712-4D89-80B7-5F15D028F06F}.Release|x64.Build.0 = Release|x64
		{D9C3CD20-F712-4D89-80B7-5F15D028F06F}.Release|x86.ActiveCfg = Release|Win32
		{D9C3CD20-F712-4D89-80B7-5F15D028F06F}.Release|x86.Build.0 = Release|Win32
		{364E7554-63CF-4B64-9EA7-35A9DA7F286D}.Debug|x64.ActiveCfg = Debug|x64
		{364E7554-63CF-4B64-9EA7-35A9DA7F286D}.Debug|x64.Build.0 = Debug|x64
		{364E7554-63CF-4B64-9EA7-35A9DA7F286D}.Debug|x86.ActiveCfg = Debug|Win32
		{364E7554-63CF-4B64-9EA7-35A9DA7F286D}.Debug|x86.Build.0 = Debug|Win32
		{364E7554-63CF-4B64-9EA7-35A9DA7F286D}.Release|x64.ActiveCfg = Release|x64
		{364E7554-63CF-4B64-9EA7-35A9DA7F286D}.Release|x64.Build.0 = Release|x64
		{364E7554-63CF-4B64-9EA7-35A9DA7F286D}.Release|x86.ActiveCfg = Release|Win32
		{364E7554-63CF-4B64-9EA7-35A9DA7F286D}.Release|x86.Build.0 = Release|Win32
		{AEB3F571-54E1-4A2A-90A6-D837C4746D75}.Debug|x64.ActiveCfg = Debug|x64
		{AEB3F571-54E1-4A2A-90A6-D837C4746D75}.Debug|x64.Build.0 = Debug|x64
		{AEB3F571-54E1-4A2A-90A6-D837C4746D75}.Debug|x86.ActiveCfg = Debug|Win32
		{AEB3F571-54E1-4A2A-90A6-D837C4746D75}.Debug|x86.Build.0 = Debug|Win32
		{AEB3F571-54E1-4A2A-90A6-D837C4746D75}.Release|x64.ActiveCfg = Release|x64
		{AEB3F571-54E1-4A2A-90A6-D837C4746D75}.Release|x64.Build.0 = Release|x64
		{AEB3F571-54E1-4A2A-90A6-D837C4746D75}.Release|x86.ActiveCfg = Release|Win32
		{AEB3F571-54E1-4A2A-90A6-D837C4746D75}.Release|x86.Build.0 = Release|Win32
	EndGlobalSection
	GlobalSection(SolutionProperties) = preSolution
		HideSolutionNode = FALSE
	EndGlobalSection
EndGlobal
